{
  "1. a warning will be printed (via `puts`)\n2. the duplicate inclusion will be skipped (meaning the hooks will not run again)": [
    {
      "file": "README.md",
      "lines": [
        142,
        158,
        175
      ]
    }
  ],
  "2. the duplicate inclusion will be skipped (meaning the hooks will not run again)\n- This is a major change in the behavior of including modules, but normally hooks running multiple times is not desired, or intended, which is why this gem exists!": [
    {
      "file": "README.md",
      "lines": [
        143,
        159,
        176
      ]
    }
  ]
}
