{
  "gemfiles/modular/templating.gemfile:3018447732": [
    [14, 3, 47, "Bundler/DuplicatedGem: Gem `tree_sitter_language_pack` requirements already given on line 10 of the Gemfile.", 3843603197]
  ],
  "include_with_respect.gemspec:3261750841": [
    [165, 3, 43, "Gemspec/DependencyVersion: Dependency version specification is required.", 561167510],
    [166, 3, 41, "Gemspec/DependencyVersion: Dependency version specification is required.", 1243430837],
    [167, 3, 39, "Gemspec/DependencyVersion: Dependency version specification is required.", 248795650],
    [169, 3, 39, "Gemspec/DependencyVersion: Dependency version specification is required.", 4007245444],
    [170, 3, 57, "Gemspec/DependencyVersion: Dependency version specification is required.", 3994579428],
    [171, 3, 41, "Gemspec/DependencyVersion: Dependency version specification is required.", 475005381],
    [172, 3, 47, "Gemspec/DependencyVersion: Dependency version specification is required.", 3814335129],
    [173, 3, 43, "Gemspec/DependencyVersion: Dependency version specification is required.", 2802811655],
    [174, 3, 38, "Gemspec/DependencyVersion: Dependency version specification is required.", 1029208323]
  ],
  "lib/include_with_respect.rb:3187268041": [
    [53, 5, 49, "ThreadSafety/ClassAndModuleAttributes: Avoid mutating class and module attributes.", 1160219549]
  ],
  "spec/include_with_respect_spec.rb:722520501": [
    [65, 11, 47, "RSpec/Output: Do not write to stdout in specs.", 3497293861],
    [66, 11, 18, "Style/GlobalVars: Do not introduce global variables.", 678770498],
    [70, 11, 34, "RSpec/Output: Do not write to stdout in specs.", 2917333422],
    [70, 25, 18, "Style/GlobalVars: Do not introduce global variables.", 678770498],
    [77, 7, 18, "RSpec/DescribedClass: Use `described_class` instead of `IncludeWithRespect`.", 848656797],
    [78, 14, 18, "RSpec/DescribedClass: Use `described_class` instead of `IncludeWithRespect`.", 848656797],
    [84, 7, 18, "RSpec/DescribedClass: Use `described_class` instead of `IncludeWithRespect`.", 848656797],
    [112, 13, 34, "RSpec/Output: Do not write to stdout in specs.", 2917333422],
    [112, 27, 18, "Style/GlobalVars: Do not introduce global variables.", 678770498],
    [120, 13, 41, "RSpec/Output: Do not write to stdout in specs.", 151451195],
    [121, 13, 18, "Style/GlobalVars: Do not introduce global variables.", 678770498],
    [150, 13, 34, "RSpec/Output: Do not write to stdout in specs.", 2917333422],
    [150, 27, 18, "Style/GlobalVars: Do not introduce global variables.", 678770498],
    [158, 13, 47, "RSpec/Output: Do not write to stdout in specs.", 3497293861],
    [159, 13, 18, "Style/GlobalVars: Do not introduce global variables.", 678770498],
    [201, 18, 18, "RSpec/DescribedClass: Use `described_class` instead of `IncludeWithRespect`.", 848656797],
    [233, 15, 34, "RSpec/Output: Do not write to stdout in specs.", 2917333422],
    [233, 29, 18, "Style/GlobalVars: Do not introduce global variables.", 678770498],
    [241, 15, 41, "RSpec/Output: Do not write to stdout in specs.", 151451195],
    [242, 15, 18, "Style/GlobalVars: Do not introduce global variables.", 678770498]
  ],
  "spec/module_state_spec.rb:175595475": [
    [3, 16, 28, "RSpec/DescribeClass: The first argument to describe should be the class or module being tested.", 556802409],
    [15, 11, 20, "ThreadSafety/ClassAndModuleAttributes: Avoid mutating class and module attributes.", 1872657686]
  ],
  "spec/spec_helper.rb:788231615": [
    [32, 1, 18, "Style/GlobalVars: Do not introduce global variables.", 678770498],
    [37, 1, 27, "Style/GlobalVars: Do not introduce global variables.", 3498152964],
    [37, 31, 18, "Style/GlobalVars: Do not introduce global variables.", 678770498],
    [56, 5, 18, "Style/GlobalVars: Do not introduce global variables.", 678770498],
    [56, 26, 27, "Style/GlobalVars: Do not introduce global variables.", 3498152964],
    [59, 5, 18, "Style/GlobalVars: Do not introduce global variables.", 678770498]
  ],
  "spec/support/shared_contexts/my_context.rb:279629335": [
    [3, 22, 12, "RSpec/ContextWording: Context description should match /^when\\b/, /^with\\b/, or /^without\\b/.", 3580178606],
    [13, 9, 18, "Style/GlobalVars: Do not introduce global variables.", 678770498],
    [22, 9, 18, "Style/GlobalVars: Do not introduce global variables.", 678770498]
  ]
}
